
Microsoft Visual Studio Solution File, Format Version 12.00
# Visual Studio Version 17
VisualStudioVersion = 17.1.32228.430
MinimumVisualStudioVersion = 10.0.40219.1
Project("{FAE04EC0-301F-11D3-BF4B-00C04F79EFBC}") = "MyScheduledTasks", "MyScheduledTasks\MyScheduledTasks.csproj", "{A6785345-1687-4C21-81AA-D0B3626B71AC}"
EndProject
Global
	GlobalSection(SolutionConfigurationPlatforms) = preSolution
		Debug|Any CPU = Debug|Any CPU
		Release|Any CPU = Release|Any CPU
	EndGlobalSection
	GlobalSection(ProjectConfigurationPlatforms) = postSolution
		{A6785345-1687-4C21-81AA-D0B3626B71AC}.Debug|Any CPU.ActiveCfg = Debug|Any CPU
		{A6785345-1687-4C21-81AA-D0B3626B71AC}.Debug|Any CPU.Build.0 = Debug|Any CPU
		{A6785345-1687-4C21-81AA-D0B3626B71AC}.Release|Any CPU.ActiveCfg = Release|Any CPU
		{A6785345-1687-4C21-81AA-D0B3626B71AC}.Release|Any CPU.Build.0 = Release|Any CPU
	EndGlobalSection
	GlobalSection(SolutionProperties) = preSolution
		HideSolutionNode = FALSE
	EndGlobalSection
	GlobalSection(ExtensibilityGlobals) = postSolution
		SolutionGuid = {E47F7C54-2EED-4181-A4BC-7FBE5EC22B42}
	EndGlobalSection
EndGlobal
